
Microsoft Visual Studio Solution File, Format Version 12.00
# Visual Studio Version 17
VisualStudioVersion = 17.8.34330.188
MinimumVisualStudioVersion = 10.0.40219.1
Project("{2150E333-8FDC-42A3-9474-1A3956D46DE8}") = ".NET8", ".NET8", "{A816FE01-A32F-4514-8B03-6354909106E9}"
EndProject
Project("{9A19103F-16F7-4668-BE54-9A1E7A4F7556}") = "MultipleOrderBy", "MultipleOrderBy\MultipleOrderBy.csproj", "{3F5E66C5-8FE3-4144-9FF5-9CE41C474811}"
EndProject
Project("{2150E333-8FDC-42A3-9474-1A3956D46DE8}") = ".NET", ".NET", "{F28BD605-18FF-43B7-9C3E-D6D9D551442B}"
EndProject
Project("{9A19103F-16F7-4668-BE54-9A1E7A4F7556}") = "EfficientConcat", "EfficientConcat\EfficientConcat.csproj", "{C9A4D657-08E7-4AF4-9138-7FD54F0F3F82}"
EndProject
Project("{9A19103F-16F7-4668-BE54-9A1E7A4F7556}") = "HttpClientFactoring", "ErrorHandling\HttpClientFactoring.csproj", "{337A3492-B6DC-455F-A86A-F6466B1CABA9}"
EndProject
Project("{9A19103F-16F7-4668-BE54-9A1E7A4F7556}") = "BackgroundTasks", "BackgroundService\BackgroundTasks.csproj", "{AB9BA74E-2E0A-4F24-9E11-CC5BC7F3B40D}"
EndProject
Project("{9A19103F-16F7-4668-BE54-9A1E7A4F7556}") = "MinimalApi", "MinimalApi\MinimalApi.csproj", "{AC1153DD-CBA5-4090-93B3-737C680A453E}"
EndProject
Project("{9A19103F-16F7-4668-BE54-9A1E7A4F7556}") = "PaginationEntityFramework", "PaginationEntityFramework\PaginationEntityFramework.csproj", "{197C1676-7B22-4723-8FB8-9CDACD3730E9}"
EndProject
Project("{9A19103F-16F7-4668-BE54-9A1E7A4F7556}") = "EfficientSql", "EfficientSql\EfficientSql.csproj", "{B8B8D39E-1BAD-4216-B0C6-61B7956C9102}"
EndProject
Project("{9A19103F-16F7-4668-BE54-9A1E7A4F7556}") = "GlobalErrorHandling", "GlobalErrorHandling\GlobalErrorHandling.csproj", "{08703458-1761-4A16-8A83-9DB9493B893D}"
EndProject
Global
	GlobalSection(SolutionConfigurationPlatforms) = preSolution
		Debug|Any CPU = Debug|Any CPU
		Release|Any CPU = Release|Any CPU
	EndGlobalSection
	GlobalSection(ProjectConfigurationPlatforms) = postSolution
		{3F5E66C5-8FE3-4144-9FF5-9CE41C474811}.Debug|Any CPU.ActiveCfg = Debug|Any CPU
		{3F5E66C5-8FE3-4144-9FF5-9CE41C474811}.Debug|Any CPU.Build.0 = Debug|Any CPU
		{3F5E66C5-8FE3-4144-9FF5-9CE41C474811}.Release|Any CPU.ActiveCfg = Release|Any CPU
		{3F5E66C5-8FE3-4144-9FF5-9CE41C474811}.Release|Any CPU.Build.0 = Release|Any CPU
		{C9A4D657-08E7-4AF4-9138-7FD54F0F3F82}.Debug|Any CPU.ActiveCfg = Debug|Any CPU
		{C9A4D657-08E7-4AF4-9138-7FD54F0F3F82}.Debug|Any CPU.Build.0 = Debug|Any CPU
		{C9A4D657-08E7-4AF4-9138-7FD54F0F3F82}.Release|Any CPU.ActiveCfg = Release|Any CPU
		{C9A4D657-08E7-4AF4-9138-7FD54F0F3F82}.Release|Any CPU.Build.0 = Release|Any CPU
		{337A3492-B6DC-455F-A86A-F6466B1CABA9}.Debug|Any CPU.ActiveCfg = Debug|Any CPU
		{337A3492-B6DC-455F-A86A-F6466B1CABA9}.Debug|Any CPU.Build.0 = Debug|Any CPU
		{337A3492-B6DC-455F-A86A-F6466B1CABA9}.Release|Any CPU.ActiveCfg = Release|Any CPU
		{337A3492-B6DC-455F-A86A-F6466B1CABA9}.Release|Any CPU.Build.0 = Release|Any CPU
		{AB9BA74E-2E0A-4F24-9E11-CC5BC7F3B40D}.Debug|Any CPU.ActiveCfg = Debug|Any CPU
		{AB9BA74E-2E0A-4F24-9E11-CC5BC7F3B40D}.Debug|Any CPU.Build.0 = Debug|Any CPU
		{AB9BA74E-2E0A-4F24-9E11-CC5BC7F3B40D}.Release|Any CPU.ActiveCfg = Release|Any CPU
		{AB9BA74E-2E0A-4F24-9E11-CC5BC7F3B40D}.Release|Any CPU.Build.0 = Release|Any CPU
		{AC1153DD-CBA5-4090-93B3-737C680A453E}.Debug|Any CPU.ActiveCfg = Debug|Any CPU
		{AC1153DD-CBA5-4090-93B3-737C680A453E}.Debug|Any CPU.Build.0 = Debug|Any CPU
		{AC1153DD-CBA5-4090-93B3-737C680A453E}.Release|Any CPU.ActiveCfg = Release|Any CPU
		{AC1153DD-CBA5-4090-93B3-737C680A453E}.Release|Any CPU.Build.0 = Release|Any CPU
		{197C1676-7B22-4723-8FB8-9CDACD3730E9}.Debug|Any CPU.ActiveCfg = Debug|Any CPU
		{197C1676-7B22-4723-8FB8-9CDACD3730E9}.Debug|Any CPU.Build.0 = Debug|Any CPU
		{197C1676-7B22-4723-8FB8-9CDACD3730E9}.Release|Any CPU.ActiveCfg = Release|Any CPU
		{197C1676-7B22-4723-8FB8-9CDACD3730E9}.Release|Any CPU.Build.0 = Release|Any CPU
		{B8B8D39E-1BAD-4216-B0C6-61B7956C9102}.Debug|Any CPU.ActiveCfg = Debug|Any CPU
		{B8B8D39E-1BAD-4216-B0C6-61B7956C9102}.Debug|Any CPU.Build.0 = Debug|Any CPU
		{B8B8D39E-1BAD-4216-B0C6-61B7956C9102}.Release|Any CPU.ActiveCfg = Release|Any CPU
		{B8B8D39E-1BAD-4216-B0C6-61B7956C9102}.Release|Any CPU.Build.0 = Release|Any CPU
		{08703458-1761-4A16-8A83-9DB9493B893D}.Debug|Any CPU.ActiveCfg = Debug|Any CPU
		{08703458-1761-4A16-8A83-9DB9493B893D}.Debug|Any CPU.Build.0 = Debug|Any CPU
		{08703458-1761-4A16-8A83-9DB9493B893D}.Release|Any CPU.ActiveCfg = Release|Any CPU
		{08703458-1761-4A16-8A83-9DB9493B893D}.Release|Any CPU.Build.0 = Release|Any CPU
	EndGlobalSection
	GlobalSection(SolutionProperties) = preSolution
		HideSolutionNode = FALSE
	EndGlobalSection
	GlobalSection(NestedProjects) = preSolution
		{3F5E66C5-8FE3-4144-9FF5-9CE41C474811} = {F28BD605-18FF-43B7-9C3E-D6D9D551442B}
		{C9A4D657-08E7-4AF4-9138-7FD54F0F3F82} = {F28BD605-18FF-43B7-9C3E-D6D9D551442B}
		{337A3492-B6DC-455F-A86A-F6466B1CABA9} = {F28BD605-18FF-43B7-9C3E-D6D9D551442B}
		{AB9BA74E-2E0A-4F24-9E11-CC5BC7F3B40D} = {F28BD605-18FF-43B7-9C3E-D6D9D551442B}
		{AC1153DD-CBA5-4090-93B3-737C680A453E} = {F28BD605-18FF-43B7-9C3E-D6D9D551442B}
		{197C1676-7B22-4723-8FB8-9CDACD3730E9} = {F28BD605-18FF-43B7-9C3E-D6D9D551442B}
		{B8B8D39E-1BAD-4216-B0C6-61B7956C9102} = {F28BD605-18FF-43B7-9C3E-D6D9D551442B}
		{08703458-1761-4A16-8A83-9DB9493B893D} = {A816FE01-A32F-4514-8B03-6354909106E9}
	EndGlobalSection
	GlobalSection(ExtensibilityGlobals) = postSolution
		SolutionGuid = {59383646-5DFE-4BE5-89B0-267D5C63FBD5}
	EndGlobalSection
EndGlobal
