
Microsoft Visual Studio Solution File, Format Version 12.00
# Visual Studio Version 17
VisualStudioVersion = 17.8.34330.188
MinimumVisualStudioVersion = 10.0.40219.1
Project("{2150E333-8FDC-42A3-9474-1A3956D46DE8}") = ".NET8", ".NET8", "{A816FE01-A32F-4514-8B03-6354909106E9}"
EndProject
Project("{9A19103F-16F7-4668-BE54-9A1E7A4F7556}") = "MultipleOrderBy", "MultipleOrderBy\MultipleOrderBy.csproj", "{3F5E66C5-8FE3-4144-9FF5-9CE41C474811}"
EndProject
Project("{2150E333-8FDC-42A3-9474-1A3956D46DE8}") = ".NET", ".NET", "{F28BD605-18FF-43B7-9C3E-D6D9D551442B}"
EndProject
Project("{9A19103F-16F7-4668-BE54-9A1E7A4F7556}") = "EfficientConcat", "EfficientConcat\EfficientConcat.csproj", "{C9A4D657-08E7-4AF4-9138-7FD54F0F3F82}"
EndProject
Project("{9A19103F-16F7-4668-BE54-9A1E7A4F7556}") = "BackgroundTasks", "BackgroundService\BackgroundTasks.csproj", "{AB9BA74E-2E0A-4F24-9E11-CC5BC7F3B40D}"
EndProject
Project("{9A19103F-16F7-4668-BE54-9A1E7A4F7556}") = "MinimalApi_EfficientSendFile", "MinimalApi\MinimalApi_EfficientSendFile.csproj", "{AC1153DD-CBA5-4090-93B3-737C680A453E}"
EndProject
Project("{9A19103F-16F7-4668-BE54-9A1E7A4F7556}") = "PaginationEntityFramework", "PaginationEntityFramework\PaginationEntityFramework.csproj", "{197C1676-7B22-4723-8FB8-9CDACD3730E9}"
EndProject
Project("{9A19103F-16F7-4668-BE54-9A1E7A4F7556}") = "EfficientSql", "EfficientSql\EfficientSql.csproj", "{B8B8D39E-1BAD-4216-B0C6-61B7956C9102}"
EndProject
Project("{9A19103F-16F7-4668-BE54-9A1E7A4F7556}") = "GlobalErrorHandling", "GlobalErrorHandling\GlobalErrorHandling.csproj", "{08703458-1761-4A16-8A83-9DB9493B893D}"
EndProject
Project("{9A19103F-16F7-4668-BE54-9A1E7A4F7556}") = "FluentAssertionsDemo", "FluentAssertionsDemo\FluentAssertionsDemo.csproj", "{7B6C7D1D-108D-4209-9DF4-B32826369C2D}"
EndProject
Project("{9A19103F-16F7-4668-BE54-9A1E7A4F7556}") = "FluentValidationDemo", "FluentValidationDemo\FluentValidationDemo.csproj", "{5A41DBD6-F7FE-42A0-8364-6A470FEFA679}"
EndProject
Project("{9A19103F-16F7-4668-BE54-9A1E7A4F7556}") = "DomainEvents", "DomainEvents\DomainEvents.csproj", "{2CF07A37-3966-43E6-B911-756EFBA67DC9}"
EndProject
Project("{9A19103F-16F7-4668-BE54-9A1E7A4F7556}") = "Decorator", "Decorator\Decorator.csproj", "{860C1E47-7F5E-43E9-A307-F5BE40A56CD8}"
EndProject
Project("{2150E333-8FDC-42A3-9474-1A3956D46DE8}") = "Pattern", "Pattern", "{B670F2DF-9DF1-45A7-89C5-EF83AF37C577}"
EndProject
Project("{9A19103F-16F7-4668-BE54-9A1E7A4F7556}") = "HttpClientFactoring", "HttpClientFactoring\HttpClientFactoring.csproj", "{32455733-17DE-4918-B53E-54FBA088D907}"
EndProject
Project("{9A19103F-16F7-4668-BE54-9A1E7A4F7556}") = "Result", "Result\Result.csproj", "{7BC78C1D-9502-4997-BBF9-AF84314AB172}"
EndProject
Project("{9A19103F-16F7-4668-BE54-9A1E7A4F7556}") = "AuthExample", "AuthExample\AuthExample.csproj", "{3D5B3ED5-8671-4AAA-B25F-52A9215E3F6B}"
EndProject
Project("{9A19103F-16F7-4668-BE54-9A1E7A4F7556}") = "EfficientMapping", "EfficientMapping\EfficientMapping.csproj", "{A0D71ECB-1711-4BA3-8DBA-9DB740F9B883}"
EndProject
Project("{9A19103F-16F7-4668-BE54-9A1E7A4F7556}") = "EfficientSearchValue", "EfficientSearchValue\EfficientSearchValue.csproj", "{02004BA5-F65E-49AA-81C7-4CC9356C2C46}"
EndProject
Project("{9A19103F-16F7-4668-BE54-9A1E7A4F7556}") = "RetryWithPolly", "RetryWithPolly\RetryWithPolly.csproj", "{8E99D9F1-F85E-4569-A013-FA2CCC2ED23A}"
EndProject
Project("{9A19103F-16F7-4668-BE54-9A1E7A4F7556}") = "SmartString", "SmartString\SmartString.csproj", "{DD8030CE-C861-4D57-9216-61E017D2684E}"
EndProject
Project("{9A19103F-16F7-4668-BE54-9A1E7A4F7556}") = "EfficientLoop", "EfficientLoop\EfficientLoop.csproj", "{6758D692-BE18-4374-9D8A-3C86FA3D2350}"
EndProject
Project("{9A19103F-16F7-4668-BE54-9A1E7A4F7556}") = "EfficientReading", "EfficientReading\EfficientReading.csproj", "{43FAA338-8B18-4BC8-A778-2CF70CE1E001}"
EndProject
Project("{FAE04EC0-301F-11D3-BF4B-00C04F79EFBC}") = "Newtonsoft", "Newtonsoft\Newtonsoft.csproj", "{21411AED-B4AA-4B1E-9368-6C62359762C0}"
EndProject
Global
	GlobalSection(SolutionConfigurationPlatforms) = preSolution
		Debug|Any CPU = Debug|Any CPU
		Release|Any CPU = Release|Any CPU
	EndGlobalSection
	GlobalSection(ProjectConfigurationPlatforms) = postSolution
		{3F5E66C5-8FE3-4144-9FF5-9CE41C474811}.Debug|Any CPU.ActiveCfg = Debug|Any CPU
		{3F5E66C5-8FE3-4144-9FF5-9CE41C474811}.Debug|Any CPU.Build.0 = Debug|Any CPU
		{3F5E66C5-8FE3-4144-9FF5-9CE41C474811}.Release|Any CPU.ActiveCfg = Release|Any CPU
		{3F5E66C5-8FE3-4144-9FF5-9CE41C474811}.Release|Any CPU.Build.0 = Release|Any CPU
		{C9A4D657-08E7-4AF4-9138-7FD54F0F3F82}.Debug|Any CPU.ActiveCfg = Debug|Any CPU
		{C9A4D657-08E7-4AF4-9138-7FD54F0F3F82}.Debug|Any CPU.Build.0 = Debug|Any CPU
		{C9A4D657-08E7-4AF4-9138-7FD54F0F3F82}.Release|Any CPU.ActiveCfg = Release|Any CPU
		{C9A4D657-08E7-4AF4-9138-7FD54F0F3F82}.Release|Any CPU.Build.0 = Release|Any CPU
		{AB9BA74E-2E0A-4F24-9E11-CC5BC7F3B40D}.Debug|Any CPU.ActiveCfg = Debug|Any CPU
		{AB9BA74E-2E0A-4F24-9E11-CC5BC7F3B40D}.Debug|Any CPU.Build.0 = Debug|Any CPU
		{AB9BA74E-2E0A-4F24-9E11-CC5BC7F3B40D}.Release|Any CPU.ActiveCfg = Release|Any CPU
		{AB9BA74E-2E0A-4F24-9E11-CC5BC7F3B40D}.Release|Any CPU.Build.0 = Release|Any CPU
		{AC1153DD-CBA5-4090-93B3-737C680A453E}.Debug|Any CPU.ActiveCfg = Debug|Any CPU
		{AC1153DD-CBA5-4090-93B3-737C680A453E}.Debug|Any CPU.Build.0 = Debug|Any CPU
		{AC1153DD-CBA5-4090-93B3-737C680A453E}.Release|Any CPU.ActiveCfg = Release|Any CPU
		{AC1153DD-CBA5-4090-93B3-737C680A453E}.Release|Any CPU.Build.0 = Release|Any CPU
		{197C1676-7B22-4723-8FB8-9CDACD3730E9}.Debug|Any CPU.ActiveCfg = Debug|Any CPU
		{197C1676-7B22-4723-8FB8-9CDACD3730E9}.Debug|Any CPU.Build.0 = Debug|Any CPU
		{197C1676-7B22-4723-8FB8-9CDACD3730E9}.Release|Any CPU.ActiveCfg = Release|Any CPU
		{197C1676-7B22-4723-8FB8-9CDACD3730E9}.Release|Any CPU.Build.0 = Release|Any CPU
		{B8B8D39E-1BAD-4216-B0C6-61B7956C9102}.Debug|Any CPU.ActiveCfg = Debug|Any CPU
		{B8B8D39E-1BAD-4216-B0C6-61B7956C9102}.Debug|Any CPU.Build.0 = Debug|Any CPU
		{B8B8D39E-1BAD-4216-B0C6-61B7956C9102}.Release|Any CPU.ActiveCfg = Release|Any CPU
		{B8B8D39E-1BAD-4216-B0C6-61B7956C9102}.Release|Any CPU.Build.0 = Release|Any CPU
		{08703458-1761-4A16-8A83-9DB9493B893D}.Debug|Any CPU.ActiveCfg = Debug|Any CPU
		{08703458-1761-4A16-8A83-9DB9493B893D}.Debug|Any CPU.Build.0 = Debug|Any CPU
		{08703458-1761-4A16-8A83-9DB9493B893D}.Release|Any CPU.ActiveCfg = Release|Any CPU
		{08703458-1761-4A16-8A83-9DB9493B893D}.Release|Any CPU.Build.0 = Release|Any CPU
		{7B6C7D1D-108D-4209-9DF4-B32826369C2D}.Debug|Any CPU.ActiveCfg = Debug|Any CPU
		{7B6C7D1D-108D-4209-9DF4-B32826369C2D}.Debug|Any CPU.Build.0 = Debug|Any CPU
		{7B6C7D1D-108D-4209-9DF4-B32826369C2D}.Release|Any CPU.ActiveCfg = Release|Any CPU
		{7B6C7D1D-108D-4209-9DF4-B32826369C2D}.Release|Any CPU.Build.0 = Release|Any CPU
		{5A41DBD6-F7FE-42A0-8364-6A470FEFA679}.Debug|Any CPU.ActiveCfg = Debug|Any CPU
		{5A41DBD6-F7FE-42A0-8364-6A470FEFA679}.Debug|Any CPU.Build.0 = Debug|Any CPU
		{5A41DBD6-F7FE-42A0-8364-6A470FEFA679}.Release|Any CPU.ActiveCfg = Release|Any CPU
		{5A41DBD6-F7FE-42A0-8364-6A470FEFA679}.Release|Any CPU.Build.0 = Release|Any CPU
		{2CF07A37-3966-43E6-B911-756EFBA67DC9}.Debug|Any CPU.ActiveCfg = Debug|Any CPU
		{2CF07A37-3966-43E6-B911-756EFBA67DC9}.Debug|Any CPU.Build.0 = Debug|Any CPU
		{2CF07A37-3966-43E6-B911-756EFBA67DC9}.Release|Any CPU.ActiveCfg = Release|Any CPU
		{2CF07A37-3966-43E6-B911-756EFBA67DC9}.Release|Any CPU.Build.0 = Release|Any CPU
		{860C1E47-7F5E-43E9-A307-F5BE40A56CD8}.Debug|Any CPU.ActiveCfg = Debug|Any CPU
		{860C1E47-7F5E-43E9-A307-F5BE40A56CD8}.Debug|Any CPU.Build.0 = Debug|Any CPU
		{860C1E47-7F5E-43E9-A307-F5BE40A56CD8}.Release|Any CPU.ActiveCfg = Release|Any CPU
		{860C1E47-7F5E-43E9-A307-F5BE40A56CD8}.Release|Any CPU.Build.0 = Release|Any CPU
		{32455733-17DE-4918-B53E-54FBA088D907}.Debug|Any CPU.ActiveCfg = Debug|Any CPU
		{32455733-17DE-4918-B53E-54FBA088D907}.Debug|Any CPU.Build.0 = Debug|Any CPU
		{32455733-17DE-4918-B53E-54FBA088D907}.Release|Any CPU.ActiveCfg = Release|Any CPU
		{32455733-17DE-4918-B53E-54FBA088D907}.Release|Any CPU.Build.0 = Release|Any CPU
		{7BC78C1D-9502-4997-BBF9-AF84314AB172}.Debug|Any CPU.ActiveCfg = Debug|Any CPU
		{7BC78C1D-9502-4997-BBF9-AF84314AB172}.Debug|Any CPU.Build.0 = Debug|Any CPU
		{7BC78C1D-9502-4997-BBF9-AF84314AB172}.Release|Any CPU.ActiveCfg = Release|Any CPU
		{7BC78C1D-9502-4997-BBF9-AF84314AB172}.Release|Any CPU.Build.0 = Release|Any CPU
		{3D5B3ED5-8671-4AAA-B25F-52A9215E3F6B}.Debug|Any CPU.ActiveCfg = Debug|Any CPU
		{3D5B3ED5-8671-4AAA-B25F-52A9215E3F6B}.Debug|Any CPU.Build.0 = Debug|Any CPU
		{3D5B3ED5-8671-4AAA-B25F-52A9215E3F6B}.Release|Any CPU.ActiveCfg = Release|Any CPU
		{3D5B3ED5-8671-4AAA-B25F-52A9215E3F6B}.Release|Any CPU.Build.0 = Release|Any CPU
		{A0D71ECB-1711-4BA3-8DBA-9DB740F9B883}.Debug|Any CPU.ActiveCfg = Debug|Any CPU
		{A0D71ECB-1711-4BA3-8DBA-9DB740F9B883}.Debug|Any CPU.Build.0 = Debug|Any CPU
		{A0D71ECB-1711-4BA3-8DBA-9DB740F9B883}.Release|Any CPU.ActiveCfg = Release|Any CPU
		{A0D71ECB-1711-4BA3-8DBA-9DB740F9B883}.Release|Any CPU.Build.0 = Release|Any CPU
		{02004BA5-F65E-49AA-81C7-4CC9356C2C46}.Debug|Any CPU.ActiveCfg = Debug|Any CPU
		{02004BA5-F65E-49AA-81C7-4CC9356C2C46}.Debug|Any CPU.Build.0 = Debug|Any CPU
		{02004BA5-F65E-49AA-81C7-4CC9356C2C46}.Release|Any CPU.ActiveCfg = Release|Any CPU
		{02004BA5-F65E-49AA-81C7-4CC9356C2C46}.Release|Any CPU.Build.0 = Release|Any CPU
		{8E99D9F1-F85E-4569-A013-FA2CCC2ED23A}.Debug|Any CPU.ActiveCfg = Debug|Any CPU
		{8E99D9F1-F85E-4569-A013-FA2CCC2ED23A}.Debug|Any CPU.Build.0 = Debug|Any CPU
		{8E99D9F1-F85E-4569-A013-FA2CCC2ED23A}.Release|Any CPU.ActiveCfg = Release|Any CPU
		{8E99D9F1-F85E-4569-A013-FA2CCC2ED23A}.Release|Any CPU.Build.0 = Release|Any CPU
		{DD8030CE-C861-4D57-9216-61E017D2684E}.Debug|Any CPU.ActiveCfg = Debug|Any CPU
		{DD8030CE-C861-4D57-9216-61E017D2684E}.Debug|Any CPU.Build.0 = Debug|Any CPU
		{DD8030CE-C861-4D57-9216-61E017D2684E}.Release|Any CPU.ActiveCfg = Release|Any CPU
		{DD8030CE-C861-4D57-9216-61E017D2684E}.Release|Any CPU.Build.0 = Release|Any CPU
		{6758D692-BE18-4374-9D8A-3C86FA3D2350}.Debug|Any CPU.ActiveCfg = Debug|Any CPU
		{6758D692-BE18-4374-9D8A-3C86FA3D2350}.Debug|Any CPU.Build.0 = Debug|Any CPU
		{6758D692-BE18-4374-9D8A-3C86FA3D2350}.Release|Any CPU.ActiveCfg = Release|Any CPU
		{6758D692-BE18-4374-9D8A-3C86FA3D2350}.Release|Any CPU.Build.0 = Release|Any CPU
		{43FAA338-8B18-4BC8-A778-2CF70CE1E001}.Debug|Any CPU.ActiveCfg = Debug|Any CPU
		{43FAA338-8B18-4BC8-A778-2CF70CE1E001}.Debug|Any CPU.Build.0 = Debug|Any CPU
		{43FAA338-8B18-4BC8-A778-2CF70CE1E001}.Release|Any CPU.ActiveCfg = Release|Any CPU
		{43FAA338-8B18-4BC8-A778-2CF70CE1E001}.Release|Any CPU.Build.0 = Release|Any CPU
		{21411AED-B4AA-4B1E-9368-6C62359762C0}.Debug|Any CPU.ActiveCfg = Debug|Any CPU
		{21411AED-B4AA-4B1E-9368-6C62359762C0}.Debug|Any CPU.Build.0 = Debug|Any CPU
		{21411AED-B4AA-4B1E-9368-6C62359762C0}.Release|Any CPU.ActiveCfg = Release|Any CPU
		{21411AED-B4AA-4B1E-9368-6C62359762C0}.Release|Any CPU.Build.0 = Release|Any CPU
	EndGlobalSection
	GlobalSection(SolutionProperties) = preSolution
		HideSolutionNode = FALSE
	EndGlobalSection
	GlobalSection(NestedProjects) = preSolution
		{3F5E66C5-8FE3-4144-9FF5-9CE41C474811} = {F28BD605-18FF-43B7-9C3E-D6D9D551442B}
		{C9A4D657-08E7-4AF4-9138-7FD54F0F3F82} = {F28BD605-18FF-43B7-9C3E-D6D9D551442B}
		{AB9BA74E-2E0A-4F24-9E11-CC5BC7F3B40D} = {A816FE01-A32F-4514-8B03-6354909106E9}
		{AC1153DD-CBA5-4090-93B3-737C680A453E} = {A816FE01-A32F-4514-8B03-6354909106E9}
		{197C1676-7B22-4723-8FB8-9CDACD3730E9} = {F28BD605-18FF-43B7-9C3E-D6D9D551442B}
		{B8B8D39E-1BAD-4216-B0C6-61B7956C9102} = {F28BD605-18FF-43B7-9C3E-D6D9D551442B}
		{08703458-1761-4A16-8A83-9DB9493B893D} = {A816FE01-A32F-4514-8B03-6354909106E9}
		{7B6C7D1D-108D-4209-9DF4-B32826369C2D} = {F28BD605-18FF-43B7-9C3E-D6D9D551442B}
		{5A41DBD6-F7FE-42A0-8364-6A470FEFA679} = {F28BD605-18FF-43B7-9C3E-D6D9D551442B}
		{2CF07A37-3966-43E6-B911-756EFBA67DC9} = {F28BD605-18FF-43B7-9C3E-D6D9D551442B}
		{860C1E47-7F5E-43E9-A307-F5BE40A56CD8} = {B670F2DF-9DF1-45A7-89C5-EF83AF37C577}
		{32455733-17DE-4918-B53E-54FBA088D907} = {F28BD605-18FF-43B7-9C3E-D6D9D551442B}
		{7BC78C1D-9502-4997-BBF9-AF84314AB172} = {B670F2DF-9DF1-45A7-89C5-EF83AF37C577}
		{3D5B3ED5-8671-4AAA-B25F-52A9215E3F6B} = {A816FE01-A32F-4514-8B03-6354909106E9}
		{A0D71ECB-1711-4BA3-8DBA-9DB740F9B883} = {F28BD605-18FF-43B7-9C3E-D6D9D551442B}
		{02004BA5-F65E-49AA-81C7-4CC9356C2C46} = {A816FE01-A32F-4514-8B03-6354909106E9}
		{8E99D9F1-F85E-4569-A013-FA2CCC2ED23A} = {F28BD605-18FF-43B7-9C3E-D6D9D551442B}
		{DD8030CE-C861-4D57-9216-61E017D2684E} = {A816FE01-A32F-4514-8B03-6354909106E9}
		{6758D692-BE18-4374-9D8A-3C86FA3D2350} = {F28BD605-18FF-43B7-9C3E-D6D9D551442B}
		{43FAA338-8B18-4BC8-A778-2CF70CE1E001} = {F28BD605-18FF-43B7-9C3E-D6D9D551442B}
		{21411AED-B4AA-4B1E-9368-6C62359762C0} = {F28BD605-18FF-43B7-9C3E-D6D9D551442B}
	EndGlobalSection
	GlobalSection(ExtensibilityGlobals) = postSolution
		SolutionGuid = {59383646-5DFE-4BE5-89B0-267D5C63FBD5}
	EndGlobalSection
EndGlobal
